
Microsoft Visual Studio Solution File, Format Version 12.00
# Visual Studio 14
VisualStudioVersion = 14.0.23107.0
MinimumVisualStudioVersion = 10.0.40219.1
Project("{FAE04EC0-301F-11D3-BF4B-00C04F79EFBC}") = "TestCodiceSemaforo", "TestCodiceSemaforo\TestCodiceSemaforo.csproj", "{E3FA78D4-0368-4726-881B-BCA32356F68D}"
EndProject
Project("{FAE04EC0-301F-11D3-BF4B-00C04F79EFBC}") = "TestCodice", "TestCodice\TestCodice.csproj", "{5F1E6B58-2388-42C6-8F47-290C1CA2EA85}"
EndProject
Global
	GlobalSection(SolutionConfigurationPlatforms) = preSolution
		Debug|Any CPU = Debug|Any CPU
		Release|Any CPU = Release|Any CPU
	EndGlobalSection
	GlobalSection(ProjectConfigurationPlatforms) = postSolution
		{E3FA78D4-0368-4726-881B-BCA32356F68D}.Debug|Any CPU.ActiveCfg = Debug|Any CPU
		{E3FA78D4-0368-4726-881B-BCA32356F68D}.Debug|Any CPU.Build.0 = Debug|Any CPU
		{E3FA78D4-0368-4726-881B-BCA32356F68D}.Release|Any CPU.ActiveCfg = Release|Any CPU
		{E3FA78D4-0368-4726-881B-BCA32356F68D}.Release|Any CPU.Build.0 = Release|Any CPU
		{5F1E6B58-2388-42C6-8F47-290C1CA2EA85}.Debug|Any CPU.ActiveCfg = Debug|Any CPU
		{5F1E6B58-2388-42C6-8F47-290C1CA2EA85}.Debug|Any CPU.Build.0 = Debug|Any CPU
		{5F1E6B58-2388-42C6-8F47-290C1CA2EA85}.Release|Any CPU.ActiveCfg = Release|Any CPU
		{5F1E6B58-2388-42C6-8F47-290C1CA2EA85}.Release|Any CPU.Build.0 = Release|Any CPU
	EndGlobalSection
	GlobalSection(SolutionProperties) = preSolution
		HideSolutionNode = FALSE
	EndGlobalSection
EndGlobal
