
Microsoft Visual Studio Solution File, Format Version 12.00
# Visual Studio 14
VisualStudioVersion = 14.0.23107.0
MinimumVisualStudioVersion = 10.0.40219.1
Project("{FAE04EC0-301F-11D3-BF4B-00C04F79EFBC}") = "TestCodice", "TestCodice\TestCodice.csproj", "{4E8C60F2-C195-4D1C-AA2E-2243DB122FAC}"
EndProject
Project("{FAE04EC0-301F-11D3-BF4B-00C04F79EFBC}") = "StartSequence", "StartSequence\StartSequence.csproj", "{C0583E0F-ED6B-4E3F-851E-11B38A959573}"
EndProject
Global
	GlobalSection(SolutionConfigurationPlatforms) = preSolution
		Debug|Any CPU = Debug|Any CPU
		Release|Any CPU = Release|Any CPU
	EndGlobalSection
	GlobalSection(ProjectConfigurationPlatforms) = postSolution
		{4E8C60F2-C195-4D1C-AA2E-2243DB122FAC}.Debug|Any CPU.ActiveCfg = Debug|Any CPU
		{4E8C60F2-C195-4D1C-AA2E-2243DB122FAC}.Debug|Any CPU.Build.0 = Debug|Any CPU
		{4E8C60F2-C195-4D1C-AA2E-2243DB122FAC}.Release|Any CPU.ActiveCfg = Release|Any CPU
		{4E8C60F2-C195-4D1C-AA2E-2243DB122FAC}.Release|Any CPU.Build.0 = Release|Any CPU
		{C0583E0F-ED6B-4E3F-851E-11B38A959573}.Debug|Any CPU.ActiveCfg = Debug|Any CPU
		{C0583E0F-ED6B-4E3F-851E-11B38A959573}.Debug|Any CPU.Build.0 = Debug|Any CPU
		{C0583E0F-ED6B-4E3F-851E-11B38A959573}.Release|Any CPU.ActiveCfg = Release|Any CPU
		{C0583E0F-ED6B-4E3F-851E-11B38A959573}.Release|Any CPU.Build.0 = Release|Any CPU
	EndGlobalSection
	GlobalSection(SolutionProperties) = preSolution
		HideSolutionNode = FALSE
	EndGlobalSection
EndGlobal
